
Microsoft Visual Studio Solution File, Format Version 12.00
# Visual Studio 2017
Project("{FAE04EC0-301F-11D3-BF4B-00C04F79EFBC}") = "UnityAITests", "UnityAITests.csproj", "{2C589488-9C1E-1028-4EE5-B43176F773E3}"
EndProject
Project("{FAE04EC0-301F-11D3-BF4B-00C04F79EFBC}") = "UnityAITests.Editor", "UnityAITests.Editor.csproj", "{12B0DDC1-83FE-B6AF-46B0-6520D7CEAFD0}"
EndProject
Global
	GlobalSection(SolutionConfigurationPlatforms) = preSolution
		Debug|Any CPU = Debug|Any CPU
		Release|Any CPU = Release|Any CPU
	EndGlobalSection
	GlobalSection(ProjectConfigurationPlatforms) = postSolution
		{2C589488-9C1E-1028-4EE5-B43176F773E3}.Debug|Any CPU.ActiveCfg = Debug|Any CPU
		{2C589488-9C1E-1028-4EE5-B43176F773E3}.Debug|Any CPU.Build.0 = Debug|Any CPU
		{2C589488-9C1E-1028-4EE5-B43176F773E3}.Release|Any CPU.ActiveCfg = Release|Any CPU
		{2C589488-9C1E-1028-4EE5-B43176F773E3}.Release|Any CPU.Build.0 = Release|Any CPU
		{12B0DDC1-83FE-B6AF-46B0-6520D7CEAFD0}.Debug|Any CPU.ActiveCfg = Debug|Any CPU
		{12B0DDC1-83FE-B6AF-46B0-6520D7CEAFD0}.Debug|Any CPU.Build.0 = Debug|Any CPU
		{12B0DDC1-83FE-B6AF-46B0-6520D7CEAFD0}.Release|Any CPU.ActiveCfg = Release|Any CPU
		{12B0DDC1-83FE-B6AF-46B0-6520D7CEAFD0}.Release|Any CPU.Build.0 = Release|Any CPU
	EndGlobalSection
	GlobalSection(SolutionProperties) = preSolution
		HideSolutionNode = FALSE
	EndGlobalSection
EndGlobal
